
Microsoft Visual Studio Solution File, Format Version 12.00
# Visual Studio Version 16
VisualStudioVersion = 16.0.29102.190
MinimumVisualStudioVersion = 10.0.40219.1
Project("{FAE04EC0-301F-11D3-BF4B-00C04F79EFBC}") = "SudokuUWP", "SudokuUWP\SudokuUWP.csproj", "{D92E8CE1-E19D-4B20-9578-8D62C915DB20}"
EndProject
Project("{FAE04EC0-301F-11D3-BF4B-00C04F79EFBC}") = "SudokuUWP.Library", "SudokuUWP.Library\SudokuUWP.Library.csproj", "{E6D3E6F5-3FE1-43F9-B7FC-5A132CA0EB5E}"
EndProject
Project("{FAE04EC0-301F-11D3-BF4B-00C04F79EFBC}") = "SudokuUWP.Test", "SudokuUWP.Test\SudokuUWP.Test.csproj", "{AE626E94-B56A-4A5C-BC6B-F9C07E78A44F}"
EndProject
Global
	GlobalSection(SolutionConfigurationPlatforms) = preSolution
		Debug|Any CPU = Debug|Any CPU
		Debug|ARM = Debug|ARM
		Debug|ARM64 = Debug|ARM64
		Debug|x64 = Debug|x64
		Debug|x86 = Debug|x86
		Release|Any CPU = Release|Any CPU
		Release|ARM = Release|ARM
		Release|ARM64 = Release|ARM64
		Release|x64 = Release|x64
		Release|x86 = Release|x86
	EndGlobalSection
	GlobalSection(ProjectConfigurationPlatforms) = postSolution
		{D92E8CE1-E19D-4B20-9578-8D62C915DB20}.Debug|Any CPU.ActiveCfg = Debug|x64
		{D92E8CE1-E19D-4B20-9578-8D62C915DB20}.Debug|Any CPU.Build.0 = Debug|x64
		{D92E8CE1-E19D-4B20-9578-8D62C915DB20}.Debug|Any CPU.Deploy.0 = Debug|x64
		{D92E8CE1-E19D-4B20-9578-8D62C915DB20}.Debug|ARM.ActiveCfg = Debug|ARM
		{D92E8CE1-E19D-4B20-9578-8D62C915DB20}.Debug|ARM.Build.0 = Debug|ARM
		{D92E8CE1-E19D-4B20-9578-8D62C915DB20}.Debug|ARM.Deploy.0 = Debug|ARM
		{D92E8CE1-E19D-4B20-9578-8D62C915DB20}.Debug|ARM64.ActiveCfg = Debug|x86
		{D92E8CE1-E19D-4B20-9578-8D62C915DB20}.Debug|x64.ActiveCfg = Debug|x64
		{D92E8CE1-E19D-4B20-9578-8D62C915DB20}.Debug|x64.Build.0 = Debug|x64
		{D92E8CE1-E19D-4B20-9578-8D62C915DB20}.Debug|x64.Deploy.0 = Debug|x64
		{D92E8CE1-E19D-4B20-9578-8D62C915DB20}.Debug|x86.ActiveCfg = Debug|x86
		{D92E8CE1-E19D-4B20-9578-8D62C915DB20}.Debug|x86.Build.0 = Debug|x86
		{D92E8CE1-E19D-4B20-9578-8D62C915DB20}.Debug|x86.Deploy.0 = Debug|x86
		{D92E8CE1-E19D-4B20-9578-8D62C915DB20}.Release|Any CPU.ActiveCfg = Release|x86
		{D92E8CE1-E19D-4B20-9578-8D62C915DB20}.Release|ARM.ActiveCfg = Release|ARM
		{D92E8CE1-E19D-4B20-9578-8D62C915DB20}.Release|ARM.Build.0 = Release|ARM
		{D92E8CE1-E19D-4B20-9578-8D62C915DB20}.Release|ARM.Deploy.0 = Release|ARM
		{D92E8CE1-E19D-4B20-9578-8D62C915DB20}.Release|ARM64.ActiveCfg = Release|x86
		{D92E8CE1-E19D-4B20-9578-8D62C915DB20}.Release|x64.ActiveCfg = Release|x64
		{D92E8CE1-E19D-4B20-9578-8D62C915DB20}.Release|x64.Build.0 = Release|x64
		{D92E8CE1-E19D-4B20-9578-8D62C915DB20}.Release|x64.Deploy.0 = Release|x64
		{D92E8CE1-E19D-4B20-9578-8D62C915DB20}.Release|x86.ActiveCfg = Release|x86
		{D92E8CE1-E19D-4B20-9578-8D62C915DB20}.Release|x86.Build.0 = Release|x86
		{D92E8CE1-E19D-4B20-9578-8D62C915DB20}.Release|x86.Deploy.0 = Release|x86
		{E6D3E6F5-3FE1-43F9-B7FC-5A132CA0EB5E}.Debug|Any CPU.ActiveCfg = Debug|Any CPU
		{E6D3E6F5-3FE1-43F9-B7FC-5A132CA0EB5E}.Debug|Any CPU.Build.0 = Debug|Any CPU
		{E6D3E6F5-3FE1-43F9-B7FC-5A132CA0EB5E}.Debug|ARM.ActiveCfg = Debug|ARM
		{E6D3E6F5-3FE1-43F9-B7FC-5A132CA0EB5E}.Debug|ARM.Build.0 = Debug|ARM
		{E6D3E6F5-3FE1-43F9-B7FC-5A132CA0EB5E}.Debug|ARM64.ActiveCfg = Debug|ARM64
		{E6D3E6F5-3FE1-43F9-B7FC-5A132CA0EB5E}.Debug|ARM64.Build.0 = Debug|ARM64
		{E6D3E6F5-3FE1-43F9-B7FC-5A132CA0EB5E}.Debug|x64.ActiveCfg = Debug|x64
		{E6D3E6F5-3FE1-43F9-B7FC-5A132CA0EB5E}.Debug|x64.Build.0 = Debug|x64
		{E6D3E6F5-3FE1-43F9-B7FC-5A132CA0EB5E}.Debug|x86.ActiveCfg = Debug|x86
		{E6D3E6F5-3FE1-43F9-B7FC-5A132CA0EB5E}.Debug|x86.Build.0 = Debug|x86
		{E6D3E6F5-3FE1-43F9-B7FC-5A132CA0EB5E}.Release|Any CPU.ActiveCfg = Release|Any CPU
		{E6D3E6F5-3FE1-43F9-B7FC-5A132CA0EB5E}.Release|Any CPU.Build.0 = Release|Any CPU
		{E6D3E6F5-3FE1-43F9-B7FC-5A132CA0EB5E}.Release|ARM.ActiveCfg = Release|ARM
		{E6D3E6F5-3FE1-43F9-B7FC-5A132CA0EB5E}.Release|ARM.Build.0 = Release|ARM
		{E6D3E6F5-3FE1-43F9-B7FC-5A132CA0EB5E}.Release|ARM64.ActiveCfg = Release|ARM64
		{E6D3E6F5-3FE1-43F9-B7FC-5A132CA0EB5E}.Release|ARM64.Build.0 = Release|ARM64
		{E6D3E6F5-3FE1-43F9-B7FC-5A132CA0EB5E}.Release|x64.ActiveCfg = Release|x64
		{E6D3E6F5-3FE1-43F9-B7FC-5A132CA0EB5E}.Release|x64.Build.0 = Release|x64
		{E6D3E6F5-3FE1-43F9-B7FC-5A132CA0EB5E}.Release|x86.ActiveCfg = Release|x86
		{E6D3E6F5-3FE1-43F9-B7FC-5A132CA0EB5E}.Release|x86.Build.0 = Release|x86
		{AE626E94-B56A-4A5C-BC6B-F9C07E78A44F}.Debug|Any CPU.ActiveCfg = Debug|x86
		{AE626E94-B56A-4A5C-BC6B-F9C07E78A44F}.Debug|ARM.ActiveCfg = Debug|ARM
		{AE626E94-B56A-4A5C-BC6B-F9C07E78A44F}.Debug|ARM.Build.0 = Debug|ARM
		{AE626E94-B56A-4A5C-BC6B-F9C07E78A44F}.Debug|ARM.Deploy.0 = Debug|ARM
		{AE626E94-B56A-4A5C-BC6B-F9C07E78A44F}.Debug|ARM64.ActiveCfg = Debug|ARM64
		{AE626E94-B56A-4A5C-BC6B-F9C07E78A44F}.Debug|ARM64.Build.0 = Debug|ARM64
		{AE626E94-B56A-4A5C-BC6B-F9C07E78A44F}.Debug|ARM64.Deploy.0 = Debug|ARM64
		{AE626E94-B56A-4A5C-BC6B-F9C07E78A44F}.Debug|x64.ActiveCfg = Debug|x64
		{AE626E94-B56A-4A5C-BC6B-F9C07E78A44F}.Debug|x64.Build.0 = Debug|x64
		{AE626E94-B56A-4A5C-BC6B-F9C07E78A44F}.Debug|x64.Deploy.0 = Debug|x64
		{AE626E94-B56A-4A5C-BC6B-F9C07E78A44F}.Debug|x86.ActiveCfg = Debug|x86
		{AE626E94-B56A-4A5C-BC6B-F9C07E78A44F}.Debug|x86.Build.0 = Debug|x86
		{AE626E94-B56A-4A5C-BC6B-F9C07E78A44F}.Debug|x86.Deploy.0 = Debug|x86
		{AE626E94-B56A-4A5C-BC6B-F9C07E78A44F}.Release|Any CPU.ActiveCfg = Release|x86
		{AE626E94-B56A-4A5C-BC6B-F9C07E78A44F}.Release|ARM.ActiveCfg = Release|ARM
		{AE626E94-B56A-4A5C-BC6B-F9C07E78A44F}.Release|ARM.Build.0 = Release|ARM
		{AE626E94-B56A-4A5C-BC6B-F9C07E78A44F}.Release|ARM.Deploy.0 = Release|ARM
		{AE626E94-B56A-4A5C-BC6B-F9C07E78A44F}.Release|ARM64.ActiveCfg = Release|ARM64
		{AE626E94-B56A-4A5C-BC6B-F9C07E78A44F}.Release|ARM64.Build.0 = Release|ARM64
		{AE626E94-B56A-4A5C-BC6B-F9C07E78A44F}.Release|ARM64.Deploy.0 = Release|ARM64
		{AE626E94-B56A-4A5C-BC6B-F9C07E78A44F}.Release|x64.ActiveCfg = Release|x64
		{AE626E94-B56A-4A5C-BC6B-F9C07E78A44F}.Release|x64.Build.0 = Release|x64
		{AE626E94-B56A-4A5C-BC6B-F9C07E78A44F}.Release|x64.Deploy.0 = Release|x64
		{AE626E94-B56A-4A5C-BC6B-F9C07E78A44F}.Release|x86.ActiveCfg = Release|x86
		{AE626E94-B56A-4A5C-BC6B-F9C07E78A44F}.Release|x86.Build.0 = Release|x86
		{AE626E94-B56A-4A5C-BC6B-F9C07E78A44F}.Release|x86.Deploy.0 = Release|x86
	EndGlobalSection
	GlobalSection(SolutionProperties) = preSolution
		HideSolutionNode = FALSE
	EndGlobalSection
	GlobalSection(ExtensibilityGlobals) = postSolution
		SolutionGuid = {E189DF86-4511-45BC-A42A-05B9C640F2B7}
	EndGlobalSection
EndGlobal
